// !$*UTF8*$!
{
	archiveVersion = 1;
	classes = {
	};
	objectVersion = 46;
	objects = {

/* Begin PBXBuildFile section */
		7A9CF3361AAED9B900F51FE6 /* SwiftDictModel.h in Headers */ = {isa = PBXBuildFile; fileRef = 7A9CF3351AAED9B900F51FE6 /* SwiftDictModel.h */; settings = {ATTRIBUTES = (Public, ); }; };
		7A9CF33C1AAED9B900F51FE6 /* SwiftDictModel.framework in Frameworks */ = {isa = PBXBuildFile; fileRef = 7A9CF3301AAED9B900F51FE6 /* SwiftDictModel.framework */; };
		7A9CF3431AAED9B900F51FE6 /* SwiftDictModelTests.swift in Sources */ = {isa = PBXBuildFile; fileRef = 7A9CF3421AAED9B900F51FE6 /* SwiftDictModelTests.swift */; };
		7A9CF3571AAEDA5600F51FE6 /* SwiftDictModel.swift in Sources */ = {isa = PBXBuildFile; fileRef = 7A9CF3561AAEDA5600F51FE6 /* SwiftDictModel.swift */; };
/* End PBXBuildFile section */

/* Begin PBXContainerItemProxy section */
		7A9CF33D1AAED9B900F51FE6 /* PBXContainerItemProxy */ = {
			isa = PBXContainerItemProxy;
			containerPortal = 7A9CF3271AAED9B900F51FE6 /* Project object */;
			proxyType = 1;
			remoteGlobalIDString = 7A9CF32F1AAED9B900F51FE6;
			remoteInfo = SwiftDictModel;
		};
/* End PBXContainerItemProxy section */

/* Begin PBXFileReference section */
		7A9CF3301AAED9B900F51FE6 /* SwiftDictModel.framework */ = {isa = PBXFileReference; explicitFileType = wrapper.framework; includeInIndex = 0; path = SwiftDictModel.framework; sourceTree = BUILT_PRODUCTS_DIR; };
		7A9CF3341AAED9B900F51FE6 /* Info.plist */ = {isa = PBXFileReference; lastKnownFileType = text.plist.xml; path = Info.plist; sourceTree = "<group>"; };
		7A9CF3351AAED9B900F51FE6 /* SwiftDictModel.h */ = {isa = PBXFileReference; lastKnownFileType = sourcecode.c.h; path = SwiftDictModel.h; sourceTree = "<group>"; };
		7A9CF33B1AAED9B900F51FE6 /* SwiftDictModelTests.xctest */ = {isa = PBXFileReference; explicitFileType = wrapper.cfbundle; includeInIndex = 0; path = SwiftDictModelTests.xctest; sourceTree = BUILT_PRODUCTS_DIR; };
		7A9CF3411AAED9B900F51FE6 /* Info.plist */ = {isa = PBXFileReference; lastKnownFileType = text.plist.xml; path = Info.plist; sourceTree = "<group>"; };
		7A9CF3421AAED9B900F51FE6 /* SwiftDictModelTests.swift */ = {isa = PBXFileReference; lastKnownFileType = sourcecode.swift; path = SwiftDictModelTests.swift; sourceTree = "<group>"; };
		7A9CF3561AAEDA5600F51FE6 /* SwiftDictModel.swift */ = {isa = PBXFileReference; fileEncoding = 4; lastKnownFileType = sourcecode.swift; path = SwiftDictModel.swift; sourceTree = "<group>"; };
/* End PBXFileReference section */

/* Begin PBXFrameworksBuildPhase section */
		7A9CF32C1AAED9B900F51FE6 /* Frameworks */ = {
			isa = PBXFrameworksBuildPhase;
			buildActionMask = 2147483647;
			files = (
			);
			runOnlyForDeploymentPostprocessing = 0;
		};
		7A9CF3381AAED9B900F51FE6 /* Frameworks */ = {
			isa = PBXFrameworksBuildPhase;
			buildActionMask = 2147483647;
			files = (
				7A9CF33C1AAED9B900F51FE6 /* SwiftDictModel.framework in Frameworks */,
			);
			runOnlyForDeploymentPostprocessing = 0;
		};
/* End PBXFrameworksBuildPhase section */

/* Begin PBXGroup section */
		7A9CF3261AAED9B900F51FE6 = {
			isa = PBXGroup;
			children = (
				7A9CF3321AAED9B900F51FE6 /* SwiftDictModel */,
				7A9CF33F1AAED9B900F51FE6 /* SwiftDictModelTests */,
				7A9CF3311AAED9B900F51FE6 /* Products */,
			);
			sourceTree = "<group>";
		};
		7A9CF3311AAED9B900F51FE6 /* Products */ = {
			isa = PBXGroup;
			children = (
				7A9CF3301AAED9B900F51FE6 /* SwiftDictModel.framework */,
				7A9CF33B1AAED9B900F51FE6 /* SwiftDictModelTests.xctest */,
			);
			name = Products;
			sourceTree = "<group>";
		};
		7A9CF3321AAED9B900F51FE6 /* SwiftDictModel */ = {
			isa = PBXGroup;
			children = (
				7A9CF3551AAEDA5600F51FE6 /* Souces */,
				7A9CF3351AAED9B900F51FE6 /* SwiftDictModel.h */,
				7A9CF3331AAED9B900F51FE6 /* Supporting Files */,
			);
			path = SwiftDictModel;
			sourceTree = "<group>";
		};
		7A9CF3331AAED9B900F51FE6 /* Supporting Files */ = {
			isa = PBXGroup;
			children = (
				7A9CF3341AAED9B900F51FE6 /* Info.plist */,
			);
			name = "Supporting Files";
			sourceTree = "<group>";
		};
		7A9CF33F1AAED9B900F51FE6 /* SwiftDictModelTests */ = {
			isa = PBXGroup;
			children = (
				7A9CF3421AAED9B900F51FE6 /* SwiftDictModelTests.swift */,
				7A9CF3401AAED9B900F51FE6 /* Supporting Files */,
			);
			path = SwiftDictModelTests;
			sourceTree = "<group>";
		};
		7A9CF3401AAED9B900F51FE6 /* Supporting Files */ = {
			isa = PBXGroup;
			children = (
				7A9CF3411AAED9B900F51FE6 /* Info.plist */,
			);
			name = "Supporting Files";
			sourceTree = "<group>";
		};
		7A9CF3551AAEDA5600F51FE6 /* Souces */ = {
			isa = PBXGroup;
			children = (
				7A9CF3561AAEDA5600F51FE6 /* SwiftDictModel.swift */,
			);
			path = Souces;
			sourceTree = "<group>";
		};
/* End PBXGroup section */

/* Begin PBXHeadersBuildPhase section */
		7A9CF32D1AAED9B900F51FE6 /* Headers */ = {
			isa = PBXHeadersBuildPhase;
			buildActionMask = 2147483647;
			files = (
				7A9CF3361AAED9B900F51FE6 /* SwiftDictModel.h in Headers */,
			);
			runOnlyForDeploymentPostprocessing = 0;
		};
/* End PBXHeadersBuildPhase section */

/* Begin PBXNativeTarget section */
		7A9CF32F1AAED9B900F51FE6 /* SwiftDictModel */ = {
			isa = PBXNativeTarget;
			buildConfigurationList = 7A9CF3461AAED9B900F51FE6 /* Build configuration list for PBXNativeTarget "SwiftDictModel" */;
			buildPhases = (
				7A9CF32B1AAED9B900F51FE6 /* Sources */,
				7A9CF32C1AAED9B900F51FE6 /* Frameworks */,
				7A9CF32D1AAED9B900F51FE6 /* Headers */,
				7A9CF32E1AAED9B900F51FE6 /* Resources */,
			);
			buildRules = (
			);
			dependencies = (
			);
			name = SwiftDictModel;
			productName = SwiftDictModel;
			productReference = 7A9CF3301AAED9B900F51FE6 /* SwiftDictModel.framework */;
			productType = "com.apple.product-type.framework";
		};
		7A9CF33A1AAED9B900F51FE6 /* SwiftDictModelTests */ = {
			isa = PBXNativeTarget;
			buildConfigurationList = 7A9CF3491AAED9B900F51FE6 /* Build configuration list for PBXNativeTarget "SwiftDictModelTests" */;
			buildPhases = (
				7A9CF3371AAED9B900F51FE6 /* Sources */,
				7A9CF3381AAED9B900F51FE6 /* Frameworks */,
				7A9CF3391AAED9B900F51FE6 /* Resources */,
			);
			buildRules = (
			);
			dependencies = (
				7A9CF33E1AAED9B900F51FE6 /* PBXTargetDependency */,
			);
			name = SwiftDictModelTests;
			productName = SwiftDictModelTests;
			productReference = 7A9CF33B1AAED9B900F51FE6 /* SwiftDictModelTests.xctest */;
			productType = "com.apple.product-type.bundle.unit-test";
		};
/* End PBXNativeTarget section */

/* Begin PBXProject section */
		7A9CF3271AAED9B900F51FE6 /* Project object */ = {
			isa = PBXProject;
			attributes = {
				LastUpgradeCheck = 0630;
				ORGANIZATIONNAME = "穆康";
				TargetAttributes = {
					7A9CF32F1AAED9B900F51FE6 = {
						CreatedOnToolsVersion = 6.3;
					};
					7A9CF33A1AAED9B900F51FE6 = {
						CreatedOnToolsVersion = 6.3;
					};
				};
			};
			buildConfigurationList = 7A9CF32A1AAED9B900F51FE6 /* Build configuration list for PBXProject "SwiftDictModel" */;
			compatibilityVersion = "Xcode 3.2";
			developmentRegion = English;
			hasScannedForEncodings = 0;
			knownRegions = (
				en,
			);
			mainGroup = 7A9CF3261AAED9B900F51FE6;
			productRefGroup = 7A9CF3311AAED9B900F51FE6 /* Products */;
			projectDirPath = "";
			projectRoot = "";
			targets = (
				7A9CF32F1AAED9B900F51FE6 /* SwiftDictModel */,
				7A9CF33A1AAED9B900F51FE6 /* SwiftDictModelTests */,
			);
		};
/* End PBXProject section */

/* Begin PBXResourcesBuildPhase section */
		7A9CF32E1AAED9B900F51FE6 /* Resources */ = {
			isa = PBXResourcesBuildPhase;
			buildActionMask = 2147483647;
			files = (
			);
			runOnlyForDeploymentPostprocessing = 0;
		};
		7A9CF3391AAED9B900F51FE6 /* Resources */ = {
			isa = PBXResourcesBuildPhase;
			buildActionMask = 2147483647;
			files = (
			);
			runOnlyForDeploymentPostprocessing = 0;
		};
/* End PBXResourcesBuildPhase section */

/* Begin PBXSourcesBuildPhase section */
		7A9CF32B1AAED9B900F51FE6 /* Sources */ = {
			isa = PBXSourcesBuildPhase;
			buildActionMask = 2147483647;
			files = (
				7A9CF3571AAEDA5600F51FE6 /* SwiftDictModel.swift in Sources */,
			);
			runOnlyForDeploymentPostprocessing = 0;
		};
		7A9CF3371AAED9B900F51FE6 /* Sources */ = {
			isa = PBXSourcesBuildPhase;
			buildActionMask = 2147483647;
			files = (
				7A9CF3431AAED9B900F51FE6 /* SwiftDictModelTests.swift in Sources */,
			);
			runOnlyForDeploymentPostprocessing = 0;
		};
/* End PBXSourcesBuildPhase section */

/* Begin PBXTargetDependency section */
		7A9CF33E1AAED9B900F51FE6 /* PBXTargetDependency */ = {
			isa = PBXTargetDependency;
			target = 7A9CF32F1AAED9B900F51FE6 /* SwiftDictModel */;
			targetProxy = 7A9CF33D1AAED9B900F51FE6 /* PBXContainerItemProxy */;
		};
/* End PBXTargetDependency section */

/* Begin XCBuildConfiguration section */
		7A9CF3441AAED9B900F51FE6 /* Debug */ = {
			isa = XCBuildConfiguration;
			buildSettings = {
				ALWAYS_SEARCH_USER_PATHS = NO;
				CLANG_CXX_LANGUAGE_STANDARD = "gnu++0x";
				CLANG_CXX_LIBRARY = "libc++";
				CLANG_ENABLE_MODULES = YES;
				CLANG_ENABLE_OBJC_ARC = YES;
				CLANG_WARN_BOOL_CONVERSION = YES;
				CLANG_WARN_CONSTANT_CONVERSION = YES;
				CLANG_WARN_DIRECT_OBJC_ISA_USAGE = YES_ERROR;
				CLANG_WARN_EMPTY_BODY = YES;
				CLANG_WARN_ENUM_CONVERSION = YES;
				CLANG_WARN_INT_CONVERSION = YES;
				CLANG_WARN_OBJC_ROOT_CLASS = YES_ERROR;
				CLANG_WARN_UNREACHABLE_CODE = YES;
				CLANG_WARN__DUPLICATE_METHOD_MATCH = YES;
				"CODE_SIGN_IDENTITY[sdk=iphoneos*]" = "iPhone Developer";
				COPY_PHASE_STRIP = NO;
				CURRENT_PROJECT_VERSION = 1;
				DEBUG_INFORMATION_FORMAT = dwarf;
				ENABLE_STRICT_OBJC_MSGSEND = YES;
				GCC_C_LANGUAGE_STANDARD = gnu99;
				GCC_DYNAMIC_NO_PIC = NO;
				GCC_NO_COMMON_BLOCKS = YES;
				GCC_OPTIMIZATION_LEVEL = 0;
				GCC_PREPROCESSOR_DEFINITIONS = (
					"DEBUG=1",
					"$(inherited)",
				);
				GCC_SYMBOLS_PRIVATE_EXTERN = NO;
				GCC_WARN_64_TO_32_BIT_CONVERSION = YES;
				GCC_WARN_ABOUT_RETURN_TYPE = YES_ERROR;
				GCC_WARN_UNDECLARED_SELECTOR = YES;
				GCC_WARN_UNINITIALIZED_AUTOS = YES_AGGRESSIVE;
				GCC_WARN_UNUSED_FUNCTION = YES;
				GCC_WARN_UNUSED_VARIABLE = YES;
				IPHONEOS_DEPLOYMENT_TARGET = 8.3;
				MTL_ENABLE_DEBUG_INFO = YES;
				ONLY_ACTIVE_ARCH = YES;
				SDKROOT = iphoneos;
				SWIFT_OPTIMIZATION_LEVEL = "-Onone";
				TARGETED_DEVICE_FAMILY = "1,2";
				VERSIONING_SYSTEM = "apple-generic";
				VERSION_INFO_PREFIX = "";
			};
			name = Debug;
		};
		7A9CF3451AAED9B900F51FE6 /* Release */ = {
			isa = XCBuildConfiguration;
			buildSettings = {
				ALWAYS_SEARCH_USER_PATHS = NO;
				CLANG_CXX_LANGUAGE_STANDARD = "gnu++0x";
				CLANG_CXX_LIBRARY = "libc++";
				CLANG_ENABLE_MODULES = YES;
				CLANG_ENABLE_OBJC_ARC = YES;
				CLANG_WARN_BOOL_CONVERSION = YES;
				CLANG_WARN_CONSTANT_CONVERSION = YES;
				CLANG_WARN_DIRECT_OBJC_ISA_USAGE = YES_ERROR;
				CLANG_WARN_EMPTY_BODY = YES;
				CLANG_WARN_ENUM_CONVERSION = YES;
				CLANG_WARN_INT_CONVERSION = YES;
				CLANG_WARN_OBJC_ROOT_CLASS = YES_ERROR;
				CLANG_WARN_UNREACHABLE_CODE = YES;
				CLANG_WARN__DUPLICATE_METHOD_MATCH = YES;
				"CODE_SIGN_IDENTITY[sdk=iphoneos*]" = "iPhone Developer";
				COPY_PHASE_STRIP = NO;
				CURRENT_PROJECT_VERSION = 1;
				DEBUG_INFORMATION_FORMAT = "dwarf-with-dsym";
				ENABLE_NS_ASSERTIONS = NO;
				ENABLE_STRICT_OBJC_MSGSEND = YES;
				GCC_C_LANGUAGE_STANDARD = gnu99;
				GCC_NO_COMMON_BLOCKS = YES;
				GCC_WARN_64_TO_32_BIT_CONVERSION = YES;
				GCC_WARN_ABOUT_RETURN_TYPE = YES_ERROR;
				GCC_WARN_UNDECLARED_SELECTOR = YES;
				GCC_WARN_UNINITIALIZED_AUTOS = YES_AGGRESSIVE;
				GCC_WARN_UNUSED_FUNCTION = YES;
				GCC_WARN_UNUSED_VARIABLE = YES;
				IPHONEOS_DEPLOYMENT_TARGET = 8.3;
				MTL_ENABLE_DEBUG_INFO = NO;
				SDKROOT = iphoneos;
				TARGETED_DEVICE_FAMILY = "1,2";
				VALIDATE_PRODUCT = YES;
				VERSIONING_SYSTEM = "apple-generic";
				VERSION_INFO_PREFIX = "";
			};
			name = Release;
		};
		7A9CF3471AAED9B900F51FE6 /* Debug */ = {
			isa = XCBuildConfiguration;
			buildSettings = {
				DEFINES_MODULE = YES;
				DYLIB_COMPATIBILITY_VERSION = 1;
				DYLIB_CURRENT_VERSION = 1;
				DYLIB_INSTALL_NAME_BASE = "@rpath";
				INFOPLIST_FILE = SwiftDictModel/Info.plist;
				INSTALL_PATH = "$(LOCAL_LIBRARY_DIR)/Frameworks";
				LD_RUNPATH_SEARCH_PATHS = "$(inherited) @executable_path/Frameworks @loader_path/Frameworks";
				PRODUCT_NAME = "$(TARGET_NAME)";
				SKIP_INSTALL = YES;
			};
			name = Debug;
		};
		7A9CF3481AAED9B900F51FE6 /* Release */ = {
			isa = XCBuildConfiguration;
			buildSettings = {
				DEFINES_MODULE = YES;
				DYLIB_COMPATIBILITY_VERSION = 1;
				DYLIB_CURRENT_VERSION = 1;
				DYLIB_INSTALL_NAME_BASE = "@rpath";
				INFOPLIST_FILE = SwiftDictModel/Info.plist;
				INSTALL_PATH = "$(LOCAL_LIBRARY_DIR)/Frameworks";
				LD_RUNPATH_SEARCH_PATHS = "$(inherited) @executable_path/Frameworks @loader_path/Frameworks";
				PRODUCT_NAME = "$(TARGET_NAME)";
				SKIP_INSTALL = YES;
			};
			name = Release;
		};
		7A9CF34A1AAED9B900F51FE6 /* Debug */ = {
			isa = XCBuildConfiguration;
			buildSettings = {
				FRAMEWORK_SEARCH_PATHS = (
					"$(SDKROOT)/Developer/Library/Frameworks",
					"$(inherited)",
				);
				GCC_PREPROCESSOR_DEFINITIONS = (
					"DEBUG=1",
					"$(inherited)",
				);
				INFOPLIST_FILE = SwiftDictModelTests/Info.plist;
				LD_RUNPATH_SEARCH_PATHS = "$(inherited) @executable_path/Frameworks @loader_path/Frameworks";
				PRODUCT_NAME = "$(TARGET_NAME)";
			};
			name = Debug;
		};
		7A9CF34B1AAED9B900F51FE6 /* Release */ = {
			isa = XCBuildConfiguration;
			buildSettings = {
				FRAMEWORK_SEARCH_PATHS = (
					"$(SDKROOT)/Developer/Library/Frameworks",
					"$(inherited)",
				);
				INFOPLIST_FILE = SwiftDictModelTests/Info.plist;
				LD_RUNPATH_SEARCH_PATHS = "$(inherited) @executable_path/Frameworks @loader_path/Frameworks";
				PRODUCT_NAME = "$(TARGET_NAME)";
			};
			name = Release;
		};
/* End XCBuildConfiguration section */

/* Begin XCConfigurationList section */
		7A9CF32A1AAED9B900F51FE6 /* Build configuration list for PBXProject "SwiftDictModel" */ = {
			isa = XCConfigurationList;
			buildConfigurations = (
				7A9CF3441AAED9B900F51FE6 /* Debug */,
				7A9CF3451AAED9B900F51FE6 /* Release */,
			);
			defaultConfigurationIsVisible = 0;
			defaultConfigurationName = Release;
		};
		7A9CF3461AAED9B900F51FE6 /* Build configuration list for PBXNativeTarget "SwiftDictModel" */ = {
			isa = XCConfigurationList;
			buildConfigurations = (
				7A9CF3471AAED9B900F51FE6 /* Debug */,
				7A9CF3481AAED9B900F51FE6 /* Release */,
			);
			defaultConfigurationIsVisible = 0;
		};
		7A9CF3491AAED9B900F51FE6 /* Build configuration list for PBXNativeTarget "SwiftDictModelTests" */ = {
			isa = XCConfigurationList;
			buildConfigurations = (
				7A9CF34A1AAED9B900F51FE6 /* Debug */,
				7A9CF34B1AAED9B900F51FE6 /* Release */,
			);
			defaultConfigurationIsVisible = 0;
		};
/* End XCConfigurationList section */
	};
	rootObject = 7A9CF3271AAED9B900F51FE6 /* Project object */;
}
